
Microsoft Visual Studio Solution File, Format Version 12.00
# Visual Studio Version 17
VisualStudioVersion = 17.5.33502.453
MinimumVisualStudioVersion = 10.0.40219.1
Project("{FAE04EC0-301F-11D3-BF4B-00C04F79EFBC}") = "BT_MayTinh", "BT_MayTinh\BT_MayTinh.csproj", "{B6A71E4F-9065-4B70-9E7B-344243F16D84}"
EndProject
Global
	GlobalSection(SolutionConfigurationPlatforms) = preSolution
		Debug|Any CPU = Debug|Any CPU
		Release|Any CPU = Release|Any CPU
	EndGlobalSection
	GlobalSection(ProjectConfigurationPlatforms) = postSolution
		{B6A71E4F-9065-4B70-9E7B-344243F16D84}.Debug|Any CPU.ActiveCfg = Debug|Any CPU
		{B6A71E4F-9065-4B70-9E7B-344243F16D84}.Debug|Any CPU.Build.0 = Debug|Any CPU
		{B6A71E4F-9065-4B70-9E7B-344243F16D84}.Release|Any CPU.ActiveCfg = Release|Any CPU
		{B6A71E4F-9065-4B70-9E7B-344243F16D84}.Release|Any CPU.Build.0 = Release|Any CPU
	EndGlobalSection
	GlobalSection(SolutionProperties) = preSolution
		HideSolutionNode = FALSE
	EndGlobalSection
	GlobalSection(ExtensibilityGlobals) = postSolution
		SolutionGuid = {A4D27366-5A27-47EA-9C2C-3F5A598A1373}
	EndGlobalSection
EndGlobal
